lockfileVersion: '9.0'

settings:
  autoInstallPeers: true
  excludeLinksFromLockfile: false

importers:

  .:
    devDependencies:
      fs:
        specifier: ^0.0.1-security
        version: 0.0.1-security
      qunit:
        specifier: ^2.24.1
        version: 2.25.0
      sinon:
        specifier: ^21.0.0
        version: 21.0.1

packages:

  '@sinonjs/commons@3.0.1':
    resolution: {integrity: sha512-K3mCHKQ9sVh8o1C9cxkwxaOmXoAMlDxC1mYyHrjqOWEcBjYr76t96zL2zlj5dUGZ3HSw240X1qgH3Mjf1yJWpQ==}

  '@sinonjs/fake-timers@15.1.0':
    resolution: {integrity: sha512-cqfapCxwTGsrR80FEgOoPsTonoefMBY7dnUEbQ+GRcved0jvkJLzvX6F4WtN+HBqbPX/SiFsIRUp+IrCW/2I2w==}

  '@sinonjs/samsam@8.0.3':
    resolution: {integrity: sha512-hw6HbX+GyVZzmaYNh82Ecj1vdGZrqVIn/keDTg63IgAwiQPO+xCz99uG6Woqgb4tM0mUiFENKZ4cqd7IX94AXQ==}

  commander@7.2.0:
    resolution: {integrity: sha512-QrWXB+ZQSVPmIWIhtEO9H+gwHaMGYiF5ChvoJ+K9ZGHG/sVsa6yiesAD1GC/x46sET00Xlwo1u49RVVVzvcSkw==}
    engines: {node: '>= 10'}

  diff@8.0.3:
    resolution: {integrity: sha512-qejHi7bcSD4hQAZE0tNAawRK1ZtafHDmMTMkrrIGgSLl7hTnQHmKCeB45xAcbfTqK2zowkM3j3bHt/4b/ARbYQ==}
    engines: {node: '>=0.3.1'}

  fs@0.0.1-security:
    resolution: {integrity: sha512-3XY9e1pP0CVEUCdj5BmfIZxRBTSDycnbqhIOGec9QYtmVH2fbLpj86CFWkrNOkt/Fvty4KZG5lTglL9j/gJ87w==}

  globalyzer@0.1.0:
    resolution: {integrity: sha512-40oNTM9UfG6aBmuKxk/giHn5nQ8RVz/SS4Ir6zgzOv9/qC3kKZ9v4etGTcJbEl/NyVQH7FGU7d+X1egr57Md2Q==}

  globrex@0.1.2:
    resolution: {integrity: sha512-uHJgbwAMwNFf5mLst7IWLNg14x1CkeqglJb/K3doi4dw6q2IvAAmM/Y81kevy83wP+Sst+nutFTYOGg3d1lsxg==}

  has-flag@4.0.0:
    resolution: {integrity: sha512-EykJT/Q1KjTWctppgIAgfSO0tKVuZUjhgMr17kqTumMl6Afv3EISleU7qZUzoXDFTAHTDC4NOoG/ZxU3EvlMPQ==}
    engines: {node: '>=8'}

  node-watch@0.7.3:
    resolution: {integrity: sha512-3l4E8uMPY1HdMMryPRUAl+oIHtXtyiTlIiESNSVSNxcPfzAFzeTbXFQkZfAwBbo0B1qMSG8nUABx+Gd+YrbKrQ==}
    engines: {node: '>=6'}

  qunit@2.25.0:
    resolution: {integrity: sha512-MONPKgjavgTqArCwZOEz8nEMbA19zNXIp5ZOW9rPYj5cbgQp0fiI36c9dPTSzTRRzx+KcfB5eggYB/ENqxi0+w==}
    engines: {node: '>=10'}
    hasBin: true

  sinon@21.0.1:
    resolution: {integrity: sha512-Z0NVCW45W8Mg5oC/27/+fCqIHFnW8kpkFOq0j9XJIev4Ld0mKmERaZv5DMLAb9fGCevjKwaEeIQz5+MBXfZcDw==}

  supports-color@7.2.0:
    resolution: {integrity: sha512-qpCAvRl9stuOHveKsn7HncJRvv501qIacKzQlO/+Lwxc9+0q2wLyv4Dfvt80/DPn2pqOBsJdDiogXGR9+OvwRw==}
    engines: {node: '>=8'}

  tiny-glob@0.2.9:
    resolution: {integrity: sha512-g/55ssRPUjShh+xkfx9UPDXqhckHEsHr4Vd9zX55oSdGZc/MD0m3sferOkwWtp98bv+kcVfEHtRJgBVJzelrzg==}

  type-detect@4.0.8:
    resolution: {integrity: sha512-0fr/mIH1dlO+x7TlcMy+bIDqKPsw/70tVyeHW787goQjhmqaZe10uwLujubK9q9Lg6Fiho1KUKDYz0Z7k7g5/g==}
    engines: {node: '>=4'}

  type-detect@4.1.0:
    resolution: {integrity: sha512-Acylog8/luQ8L7il+geoSxhEkazvkslg7PSNKOX59mbB9cOveP5aq9h74Y7YU8yDpJwetzQQrfIwtf4Wp4LKcw==}
    engines: {node: '>=4'}

snapshots:

  '@sinonjs/commons@3.0.1':
    dependencies:
      type-detect: 4.0.8

  '@sinonjs/fake-timers@15.1.0':
    dependencies:
      '@sinonjs/commons': 3.0.1

  '@sinonjs/samsam@8.0.3':
    dependencies:
      '@sinonjs/commons': 3.0.1
      type-detect: 4.1.0

  commander@7.2.0: {}

  diff@8.0.3: {}

  fs@0.0.1-security: {}

  globalyzer@0.1.0: {}

  globrex@0.1.2: {}

  has-flag@4.0.0: {}

  node-watch@0.7.3: {}

  qunit@2.25.0:
    dependencies:
      commander: 7.2.0
      node-watch: 0.7.3
      tiny-glob: 0.2.9

  sinon@21.0.1:
    dependencies:
      '@sinonjs/commons': 3.0.1
      '@sinonjs/fake-timers': 15.1.0
      '@sinonjs/samsam': 8.0.3
      diff: 8.0.3
      supports-color: 7.2.0

  supports-color@7.2.0:
    dependencies:
      has-flag: 4.0.0

  tiny-glob@0.2.9:
    dependencies:
      globalyzer: 0.1.0
      globrex: 0.1.2

  type-detect@4.0.8: {}

  type-detect@4.1.0: {}
